// !$*UTF8*$!
{
	archiveVersion = 1;
	classes = {
	};
	objectVersion = 50;
	objects = {

/* Begin PBXBuildFile section */
		4C18239624EF2A1400CD187A /* BloodStationRow.swift in Sources */ = {isa = PBXBuildFile; fileRef = 4C18239524EF2A1400CD187A /* BloodStationRow.swift */; };
		4C18239824EF328900CD187A /* Card.swift in Sources */ = {isa = PBXBuildFile; fileRef = 4C18239724EF328900CD187A /* Card.swift */; };
		4C18239A24EF32CC00CD187A /* DiscoverHealthMe.swift in Sources */ = {isa = PBXBuildFile; fileRef = 4C18239924EF32CC00CD187A /* DiscoverHealthMe.swift */; };
		4C18239C24EF32FC00CD187A /* BookTestCard.swift in Sources */ = {isa = PBXBuildFile; fileRef = 4C18239B24EF32FC00CD187A /* BookTestCard.swift */; };
		4C217DC724B7DE7A00F5C551 /* AppDelegate.swift in Sources */ = {isa = PBXBuildFile; fileRef = 4C217DC624B7DE7A00F5C551 /* AppDelegate.swift */; };
		4C217DC924B7DE7A00F5C551 /* SceneDelegate.swift in Sources */ = {isa = PBXBuildFile; fileRef = 4C217DC824B7DE7A00F5C551 /* SceneDelegate.swift */; };
		4C217DCB24B7DE7A00F5C551 /* ContentView.swift in Sources */ = {isa = PBXBuildFile; fileRef = 4C217DCA24B7DE7A00F5C551 /* ContentView.swift */; };
		4C217DCD24B7DE7D00F5C551 /* Assets.xcassets in Resources */ = {isa = PBXBuildFile; fileRef = 4C217DCC24B7DE7D00F5C551 /* Assets.xcassets */; };
		4C217DD024B7DE7D00F5C551 /* Preview Assets.xcassets in Resources */ = {isa = PBXBuildFile; fileRef = 4C217DCF24B7DE7D00F5C551 /* Preview Assets.xcassets */; };
		4C217DD324B7DE7E00F5C551 /* LaunchScreen.storyboard in Resources */ = {isa = PBXBuildFile; fileRef = 4C217DD124B7DE7E00F5C551 /* LaunchScreen.storyboard */; };
		4C217DDC24B7E10000F5C551 /* BloodTestsView.swift in Sources */ = {isa = PBXBuildFile; fileRef = 4C217DDB24B7E10000F5C551 /* BloodTestsView.swift */; };
		4C217DDE24B7E13900F5C551 /* BloodResultsView.swift in Sources */ = {isa = PBXBuildFile; fileRef = 4C217DDD24B7E13900F5C551 /* BloodResultsView.swift */; };
		4C217DE024B7E34300F5C551 /* NutritionView.swift in Sources */ = {isa = PBXBuildFile; fileRef = 4C217DDF24B7E34300F5C551 /* NutritionView.swift */; };
		4C217DE224B7E35000F5C551 /* ProfileView.swift in Sources */ = {isa = PBXBuildFile; fileRef = 4C217DE124B7E35000F5C551 /* ProfileView.swift */; };
		4C22513424B8CAA800891773 /* ContentModels.swift in Sources */ = {isa = PBXBuildFile; fileRef = 4C22513324B8CAA800891773 /* ContentModels.swift */; };
		4C22513624B8CD5200891773 /* ContentDatas.swift in Sources */ = {isa = PBXBuildFile; fileRef = 4C22513524B8CD5200891773 /* ContentDatas.swift */; };
		4C22513A24B8CF9000891773 /* Data.swift in Sources */ = {isa = PBXBuildFile; fileRef = 4C22513924B8CF9000891773 /* Data.swift */; };
		4C22513C24B8D01100891773 /* profileOptions.json in Resources */ = {isa = PBXBuildFile; fileRef = 4C22513B24B8D01100891773 /* profileOptions.json */; };
		4C22513F24B8D90700891773 /* ProfileList.swift in Sources */ = {isa = PBXBuildFile; fileRef = 4C22513E24B8D90700891773 /* ProfileList.swift */; };
		4C22514124B8EFEB00891773 /* AccountView.swift in Sources */ = {isa = PBXBuildFile; fileRef = 4C22514024B8EFEB00891773 /* AccountView.swift */; };
		4C22514324B8F28800891773 /* ProfileRow.swift in Sources */ = {isa = PBXBuildFile; fileRef = 4C22514224B8F28800891773 /* ProfileRow.swift */; };
		4C2733D924E2D985009E53AE /* FigmaToCode.swift in Sources */ = {isa = PBXBuildFile; fileRef = 4C2733D824E2D985009E53AE /* FigmaToCode.swift */; };
		4C30183D24F071E800BDF9C7 /* BloodTestInfo.swift in Sources */ = {isa = PBXBuildFile; fileRef = 4C30183C24F071E800BDF9C7 /* BloodTestInfo.swift */; };
		4C31406C24EB0BA900BA496E /* OldViews.swift in Sources */ = {isa = PBXBuildFile; fileRef = 4C31406B24EB0BA900BA496E /* OldViews.swift */; };
		4C47D46324DA1F89006ECC51 /* StationList.swift in Sources */ = {isa = PBXBuildFile; fileRef = 4C47D46224DA1F89006ECC51 /* StationList.swift */; };
		4C502EBF24F2682000046C4C /* AppointmentCard.swift in Sources */ = {isa = PBXBuildFile; fileRef = 4C502EBE24F2682000046C4C /* AppointmentCard.swift */; };
		4C502EC124F2796300046C4C /* CardSection.swift in Sources */ = {isa = PBXBuildFile; fileRef = 4C502EC024F2796300046C4C /* CardSection.swift */; };
		4C502EC324F27A7800046C4C /* BookTestButton.swift in Sources */ = {isa = PBXBuildFile; fileRef = 4C502EC224F27A7800046C4C /* BookTestButton.swift */; };
		4C502EC524F283F300046C4C /* bookings.json in Resources */ = {isa = PBXBuildFile; fileRef = 4C502EC424F283F300046C4C /* bookings.json */; };
		4C502EC724F288F300046C4C /* DatePicker.swift in Sources */ = {isa = PBXBuildFile; fileRef = 4C502EC624F288F300046C4C /* DatePicker.swift */; };
		4C502EC924F2AE4200046C4C /* TimePicker.swift in Sources */ = {isa = PBXBuildFile; fileRef = 4C502EC824F2AE4200046C4C /* TimePicker.swift */; };
		4C502ECB24F3188000046C4C /* ConfirmButton.swift in Sources */ = {isa = PBXBuildFile; fileRef = 4C502ECA24F3188000046C4C /* ConfirmButton.swift */; };
		4C65B5AB24DE052E002C3CBF /* DateSelect.swift in Sources */ = {isa = PBXBuildFile; fileRef = 4C65B5AA24DE052E002C3CBF /* DateSelect.swift */; };
		4C720FAE24EBCC3D00EF17B9 /* PageViewController.swift in Sources */ = {isa = PBXBuildFile; fileRef = 4C720FAD24EBCC3D00EF17B9 /* PageViewController.swift */; };
		4C720FB024EBCDBB00EF17B9 /* PageView.swift in Sources */ = {isa = PBXBuildFile; fileRef = 4C720FAF24EBCDBB00EF17B9 /* PageView.swift */; };
		4C74034324B9C47C009DB50B /* SettingsView.swift in Sources */ = {isa = PBXBuildFile; fileRef = 4C74034224B9C47C009DB50B /* SettingsView.swift */; };
		4C74034524B9C885009DB50B /* PrivacyView.swift in Sources */ = {isa = PBXBuildFile; fileRef = 4C74034424B9C885009DB50B /* PrivacyView.swift */; };
		4C74034824B9CCAB009DB50B /* UIColor.swift in Sources */ = {isa = PBXBuildFile; fileRef = 4C74034724B9CCAB009DB50B /* UIColor.swift */; };
		4C74034C24BA2E00009DB50B /* HelperFunc.swift in Sources */ = {isa = PBXBuildFile; fileRef = 4C74034B24BA2E00009DB50B /* HelperFunc.swift */; };
		4C7EB3DE24EC541500AD3C00 /* PastTestsList.swift in Sources */ = {isa = PBXBuildFile; fileRef = 4C7EB3DD24EC541500AD3C00 /* PastTestsList.swift */; };
		4C7EB3E024EC54A200AD3C00 /* pastTests.json in Resources */ = {isa = PBXBuildFile; fileRef = 4C7EB3DF24EC54A200AD3C00 /* pastTests.json */; };
		4C7EB3E224EC563700AD3C00 /* bloodStations.json in Resources */ = {isa = PBXBuildFile; fileRef = 4C7EB3E124EC563700AD3C00 /* bloodStations.json */; };
		4C7EB3E424EC576B00AD3C00 /* dataModels.swift in Sources */ = {isa = PBXBuildFile; fileRef = 4C7EB3E324EC576B00AD3C00 /* dataModels.swift */; };
		4C7EB3E624EC654400AD3C00 /* PastTestRow.swift in Sources */ = {isa = PBXBuildFile; fileRef = 4C7EB3E524EC654400AD3C00 /* PastTestRow.swift */; };
		4C7EB3E824EC750100AD3C00 /* StationRow.swift in Sources */ = {isa = PBXBuildFile; fileRef = 4C7EB3E724EC750100AD3C00 /* StationRow.swift */; };
		4C9D89CE24DC532F001A7831 /* Colors.xcassets in Resources */ = {isa = PBXBuildFile; fileRef = 4C9D89CD24DC532F001A7831 /* Colors.xcassets */; };
		4C9D89D024DC57D2001A7831 /* BookDate.swift in Sources */ = {isa = PBXBuildFile; fileRef = 4C9D89CF24DC57D2001A7831 /* BookDate.swift */; };
		4C9D89D224DC5A30001A7831 /* Modifiers.swift in Sources */ = {isa = PBXBuildFile; fileRef = 4C9D89D124DC5A30001A7831 /* Modifiers.swift */; };
		4C9D89D424DC5B89001A7831 /* Header.swift in Sources */ = {isa = PBXBuildFile; fileRef = 4C9D89D324DC5B89001A7831 /* Header.swift */; };
		4CA4013A24BE441C009DA1F5 /* locals.swift in Sources */ = {isa = PBXBuildFile; fileRef = 4CA4013924BE441C009DA1F5 /* locals.swift */; };
		4CA4013C24BFC46D009DA1F5 /* BookStation.swift in Sources */ = {isa = PBXBuildFile; fileRef = 4CA4013B24BFC46D009DA1F5 /* BookStation.swift */; };
		4CAE637024DD823A008068CA /* ElementsModifier.swift in Sources */ = {isa = PBXBuildFile; fileRef = 4CAE636F24DD823A008068CA /* ElementsModifier.swift */; };
		4CAE637324DDBF43008068CA /* BloodStations.swift in Sources */ = {isa = PBXBuildFile; fileRef = 4CAE637224DDBF43008068CA /* BloodStations.swift */; };
		4CBF947E24BB219800252DB8 /* messages.json in Resources */ = {isa = PBXBuildFile; fileRef = 4CBF947D24BB219800252DB8 /* messages.json */; };
		4CBF948424BB2DA600252DB8 /* MessagesView.swift in Sources */ = {isa = PBXBuildFile; fileRef = 4CBF948324BB2DA600252DB8 /* MessagesView.swift */; };
		4CBF948624BB337500252DB8 /* MessagesList.swift in Sources */ = {isa = PBXBuildFile; fileRef = 4CBF948524BB337500252DB8 /* MessagesList.swift */; };
		4CBF948824BB33E700252DB8 /* MessagesRow.swift in Sources */ = {isa = PBXBuildFile; fileRef = 4CBF948724BB33E700252DB8 /* MessagesRow.swift */; };
		4CBF948A24BB34F500252DB8 /* MessagesDetail.swift in Sources */ = {isa = PBXBuildFile; fileRef = 4CBF948924BB34F500252DB8 /* MessagesDetail.swift */; };
		4CC5A57F24BBC9050033F10B /* MessagesOptions.swift in Sources */ = {isa = PBXBuildFile; fileRef = 4CC5A57E24BBC9050033F10B /* MessagesOptions.swift */; };
		4CDCAA8D24F409360012C23C /* PaymentView.swift in Sources */ = {isa = PBXBuildFile; fileRef = 4CDCAA8C24F409360012C23C /* PaymentView.swift */; };
		4CDCAA8F24F413DA0012C23C /* IconButton.swift in Sources */ = {isa = PBXBuildFile; fileRef = 4CDCAA8E24F413DA0012C23C /* IconButton.swift */; };
		4CDCAA9124F415FC0012C23C /* MapView.swift in Sources */ = {isa = PBXBuildFile; fileRef = 4CDCAA9024F415FC0012C23C /* MapView.swift */; };
		4CDCAA9324F4168D0012C23C /* CardDetailsView.swift in Sources */ = {isa = PBXBuildFile; fileRef = 4CDCAA9224F4168D0012C23C /* CardDetailsView.swift */; };
/* End PBXBuildFile section */

/* Begin PBXFileReference section */
		4C18239524EF2A1400CD187A /* BloodStationRow.swift */ = {isa = PBXFileReference; lastKnownFileType = sourcecode.swift; path = BloodStationRow.swift; sourceTree = "<group>"; };
		4C18239724EF328900CD187A /* Card.swift */ = {isa = PBXFileReference; lastKnownFileType = sourcecode.swift; path = Card.swift; sourceTree = "<group>"; };
		4C18239924EF32CC00CD187A /* DiscoverHealthMe.swift */ = {isa = PBXFileReference; lastKnownFileType = sourcecode.swift; path = DiscoverHealthMe.swift; sourceTree = "<group>"; };
		4C18239B24EF32FC00CD187A /* BookTestCard.swift */ = {isa = PBXFileReference; lastKnownFileType = sourcecode.swift; path = BookTestCard.swift; sourceTree = "<group>"; };
		4C217DC324B7DE7A00F5C551 /* HealthMe.app */ = {isa = PBXFileReference; explicitFileType = wrapper.application; includeInIndex = 0; path = HealthMe.app; sourceTree = BUILT_PRODUCTS_DIR; };
		4C217DC624B7DE7A00F5C551 /* AppDelegate.swift */ = {isa = PBXFileReference; lastKnownFileType = sourcecode.swift; path = AppDelegate.swift; sourceTree = "<group>"; };
		4C217DC824B7DE7A00F5C551 /* SceneDelegate.swift */ = {isa = PBXFileReference; lastKnownFileType = sourcecode.swift; path = SceneDelegate.swift; sourceTree = "<group>"; };
		4C217DCA24B7DE7A00F5C551 /* ContentView.swift */ = {isa = PBXFileReference; lastKnownFileType = sourcecode.swift; path = ContentView.swift; sourceTree = "<group>"; };
		4C217DCC24B7DE7D00F5C551 /* Assets.xcassets */ = {isa = PBXFileReference; lastKnownFileType = folder.assetcatalog; path = Assets.xcassets; sourceTree = "<group>"; };
		4C217DCF24B7DE7D00F5C551 /* Preview Assets.xcassets */ = {isa = PBXFileReference; lastKnownFileType = folder.assetcatalog; path = "Preview Assets.xcassets"; sourceTree = "<group>"; };
		4C217DD224B7DE7E00F5C551 /* Base */ = {isa = PBXFileReference; lastKnownFileType = file.storyboard; name = Base; path = Base.lproj/LaunchScreen.storyboard; sourceTree = "<group>"; };
		4C217DD424B7DE7E00F5C551 /* Info.plist */ = {isa = PBXFileReference; lastKnownFileType = text.plist.xml; path = Info.plist; sourceTree = "<group>"; };
		4C217DDB24B7E10000F5C551 /* BloodTestsView.swift */ = {isa = PBXFileReference; lastKnownFileType = sourcecode.swift; path = BloodTestsView.swift; sourceTree = "<group>"; };
		4C217DDD24B7E13900F5C551 /* BloodResultsView.swift */ = {isa = PBXFileReference; lastKnownFileType = sourcecode.swift; path = BloodResultsView.swift; sourceTree = "<group>"; };
		4C217DDF24B7E34300F5C551 /* NutritionView.swift */ = {isa = PBXFileReference; lastKnownFileType = sourcecode.swift; path = NutritionView.swift; sourceTree = "<group>"; };
		4C217DE124B7E35000F5C551 /* ProfileView.swift */ = {isa = PBXFileReference; lastKnownFileType = sourcecode.swift; path = ProfileView.swift; sourceTree = "<group>"; };
		4C22513324B8CAA800891773 /* ContentModels.swift */ = {isa = PBXFileReference; lastKnownFileType = sourcecode.swift; path = ContentModels.swift; sourceTree = "<group>"; };
		4C22513524B8CD5200891773 /* ContentDatas.swift */ = {isa = PBXFileReference; lastKnownFileType = sourcecode.swift; path = ContentDatas.swift; sourceTree = "<group>"; };
		4C22513924B8CF9000891773 /* Data.swift */ = {isa = PBXFileReference; lastKnownFileType = sourcecode.swift; path = Data.swift; sourceTree = "<group>"; };
		4C22513B24B8D01100891773 /* profileOptions.json */ = {isa = PBXFileReference; lastKnownFileType = text.json; path = profileOptions.json; sourceTree = "<group>"; };
		4C22513E24B8D90700891773 /* ProfileList.swift */ = {isa = PBXFileReference; lastKnownFileType = sourcecode.swift; path = ProfileList.swift; sourceTree = "<group>"; };
		4C22514024B8EFEB00891773 /* AccountView.swift */ = {isa = PBXFileReference; lastKnownFileType = sourcecode.swift; path = AccountView.swift; sourceTree = "<group>"; };
		4C22514224B8F28800891773 /* ProfileRow.swift */ = {isa = PBXFileReference; lastKnownFileType = sourcecode.swift; path = ProfileRow.swift; sourceTree = "<group>"; };
		4C2733D824E2D985009E53AE /* FigmaToCode.swift */ = {isa = PBXFileReference; lastKnownFileType = sourcecode.swift; path = FigmaToCode.swift; sourceTree = "<group>"; };
		4C30183C24F071E800BDF9C7 /* BloodTestInfo.swift */ = {isa = PBXFileReference; lastKnownFileType = sourcecode.swift; path = BloodTestInfo.swift; sourceTree = "<group>"; };
		4C31406B24EB0BA900BA496E /* OldViews.swift */ = {isa = PBXFileReference; lastKnownFileType = sourcecode.swift; path = OldViews.swift; sourceTree = "<group>"; };
		4C47D46224DA1F89006ECC51 /* StationList.swift */ = {isa = PBXFileReference; lastKnownFileType = sourcecode.swift; path = StationList.swift; sourceTree = "<group>"; };
		4C502EBE24F2682000046C4C /* AppointmentCard.swift */ = {isa = PBXFileReference; lastKnownFileType = sourcecode.swift; path = AppointmentCard.swift; sourceTree = "<group>"; };
		4C502EC024F2796300046C4C /* CardSection.swift */ = {isa = PBXFileReference; lastKnownFileType = sourcecode.swift; path = CardSection.swift; sourceTree = "<group>"; };
		4C502EC224F27A7800046C4C /* BookTestButton.swift */ = {isa = PBXFileReference; lastKnownFileType = sourcecode.swift; path = BookTestButton.swift; sourceTree = "<group>"; };
		4C502EC424F283F300046C4C /* bookings.json */ = {isa = PBXFileReference; lastKnownFileType = text.json; path = bookings.json; sourceTree = "<group>"; };
		4C502EC624F288F300046C4C /* DatePicker.swift */ = {isa = PBXFileReference; lastKnownFileType = sourcecode.swift; path = DatePicker.swift; sourceTree = "<group>"; };
		4C502EC824F2AE4200046C4C /* TimePicker.swift */ = {isa = PBXFileReference; lastKnownFileType = sourcecode.swift; path = TimePicker.swift; sourceTree = "<group>"; };
		4C502ECA24F3188000046C4C /* ConfirmButton.swift */ = {isa = PBXFileReference; lastKnownFileType = sourcecode.swift; path = ConfirmButton.swift; sourceTree = "<group>"; };
		4C65B5AA24DE052E002C3CBF /* DateSelect.swift */ = {isa = PBXFileReference; lastKnownFileType = sourcecode.swift; path = DateSelect.swift; sourceTree = "<group>"; };
		4C720FAD24EBCC3D00EF17B9 /* PageViewController.swift */ = {isa = PBXFileReference; lastKnownFileType = sourcecode.swift; path = PageViewController.swift; sourceTree = "<group>"; };
		4C720FAF24EBCDBB00EF17B9 /* PageView.swift */ = {isa = PBXFileReference; lastKnownFileType = sourcecode.swift; path = PageView.swift; sourceTree = "<group>"; };
		4C74034224B9C47C009DB50B /* SettingsView.swift */ = {isa = PBXFileReference; lastKnownFileType = sourcecode.swift; path = SettingsView.swift; sourceTree = "<group>"; };
		4C74034424B9C885009DB50B /* PrivacyView.swift */ = {isa = PBXFileReference; lastKnownFileType = sourcecode.swift; path = PrivacyView.swift; sourceTree = "<group>"; };
		4C74034724B9CCAB009DB50B /* UIColor.swift */ = {isa = PBXFileReference; lastKnownFileType = sourcecode.swift; path = UIColor.swift; sourceTree = "<group>"; };
		4C74034B24BA2E00009DB50B /* HelperFunc.swift */ = {isa = PBXFileReference; lastKnownFileType = sourcecode.swift; path = HelperFunc.swift; sourceTree = "<group>"; };
		4C7EB3DD24EC541500AD3C00 /* PastTestsList.swift */ = {isa = PBXFileReference; lastKnownFileType = sourcecode.swift; path = PastTestsList.swift; sourceTree = "<group>"; };
		4C7EB3DF24EC54A200AD3C00 /* pastTests.json */ = {isa = PBXFileReference; lastKnownFileType = text.json; path = pastTests.json; sourceTree = "<group>"; };
		4C7EB3E124EC563700AD3C00 /* bloodStations.json */ = {isa = PBXFileReference; lastKnownFileType = text.json; path = bloodStations.json; sourceTree = "<group>"; };
		4C7EB3E324EC576B00AD3C00 /* dataModels.swift */ = {isa = PBXFileReference; lastKnownFileType = sourcecode.swift; path = dataModels.swift; sourceTree = "<group>"; };
		4C7EB3E524EC654400AD3C00 /* PastTestRow.swift */ = {isa = PBXFileReference; lastKnownFileType = sourcecode.swift; path = PastTestRow.swift; sourceTree = "<group>"; };
		4C7EB3E724EC750100AD3C00 /* StationRow.swift */ = {isa = PBXFileReference; lastKnownFileType = sourcecode.swift; path = StationRow.swift; sourceTree = "<group>"; };
		4C9D89CD24DC532F001A7831 /* Colors.xcassets */ = {isa = PBXFileReference; lastKnownFileType = folder.assetcatalog; path = Colors.xcassets; sourceTree = "<group>"; };
		4C9D89CF24DC57D2001A7831 /* BookDate.swift */ = {isa = PBXFileReference; lastKnownFileType = sourcecode.swift; path = BookDate.swift; sourceTree = "<group>"; };
		4C9D89D124DC5A30001A7831 /* Modifiers.swift */ = {isa = PBXFileReference; lastKnownFileType = sourcecode.swift; path = Modifiers.swift; sourceTree = "<group>"; };
		4C9D89D324DC5B89001A7831 /* Header.swift */ = {isa = PBXFileReference; lastKnownFileType = sourcecode.swift; path = Header.swift; sourceTree = "<group>"; };
		4CA4013924BE441C009DA1F5 /* locals.swift */ = {isa = PBXFileReference; lastKnownFileType = sourcecode.swift; path = locals.swift; sourceTree = "<group>"; };
		4CA4013B24BFC46D009DA1F5 /* BookStation.swift */ = {isa = PBXFileReference; lastKnownFileType = sourcecode.swift; path = BookStation.swift; sourceTree = "<group>"; };
		4CAE636F24DD823A008068CA /* ElementsModifier.swift */ = {isa = PBXFileReference; lastKnownFileType = sourcecode.swift; path = ElementsModifier.swift; sourceTree = "<group>"; };
		4CAE637224DDBF43008068CA /* BloodStations.swift */ = {isa = PBXFileReference; lastKnownFileType = sourcecode.swift; path = BloodStations.swift; sourceTree = "<group>"; };
		4CBF947D24BB219800252DB8 /* messages.json */ = {isa = PBXFileReference; lastKnownFileType = text.json; path = messages.json; sourceTree = "<group>"; };
		4CBF948324BB2DA600252DB8 /* MessagesView.swift */ = {isa = PBXFileReference; lastKnownFileType = sourcecode.swift; path = MessagesView.swift; sourceTree = "<group>"; };
		4CBF948524BB337500252DB8 /* MessagesList.swift */ = {isa = PBXFileReference; lastKnownFileType = sourcecode.swift; path = MessagesList.swift; sourceTree = "<group>"; };
		4CBF948724BB33E700252DB8 /* MessagesRow.swift */ = {isa = PBXFileReference; lastKnownFileType = sourcecode.swift; path = MessagesRow.swift; sourceTree = "<group>"; };
		4CBF948924BB34F500252DB8 /* MessagesDetail.swift */ = {isa = PBXFileReference; lastKnownFileType = sourcecode.swift; path = MessagesDetail.swift; sourceTree = "<group>"; };
		4CC5A57E24BBC9050033F10B /* MessagesOptions.swift */ = {isa = PBXFileReference; lastKnownFileType = sourcecode.swift; path = MessagesOptions.swift; sourceTree = "<group>"; };
		4CDCAA8C24F409360012C23C /* PaymentView.swift */ = {isa = PBXFileReference; lastKnownFileType = sourcecode.swift; path = PaymentView.swift; sourceTree = "<group>"; };
		4CDCAA8E24F413DA0012C23C /* IconButton.swift */ = {isa = PBXFileReference; lastKnownFileType = sourcecode.swift; path = IconButton.swift; sourceTree = "<group>"; };
		4CDCAA9024F415FC0012C23C /* MapView.swift */ = {isa = PBXFileReference; lastKnownFileType = sourcecode.swift; path = MapView.swift; sourceTree = "<group>"; };
		4CDCAA9224F4168D0012C23C /* CardDetailsView.swift */ = {isa = PBXFileReference; lastKnownFileType = sourcecode.swift; path = CardDetailsView.swift; sourceTree = "<group>"; };
/* End PBXFileReference section */

/* Begin PBXFrameworksBuildPhase section */
		4C217DC024B7DE7A00F5C551 /* Frameworks */ = {
			isa = PBXFrameworksBuildPhase;
			buildActionMask = 2147483647;
			files = (
			);
			runOnlyForDeploymentPostprocessing = 0;
		};
/* End PBXFrameworksBuildPhase section */

/* Begin PBXGroup section */
		4C217DBA24B7DE7A00F5C551 = {
			isa = PBXGroup;
			children = (
				4C217DC524B7DE7A00F5C551 /* HealthMe */,
				4C217DC424B7DE7A00F5C551 /* Products */,
			);
			sourceTree = "<group>";
		};
		4C217DC424B7DE7A00F5C551 /* Products */ = {
			isa = PBXGroup;
			children = (
				4C217DC324B7DE7A00F5C551 /* HealthMe.app */,
			);
			name = Products;
			sourceTree = "<group>";
		};
		4C217DC524B7DE7A00F5C551 /* HealthMe */ = {
			isa = PBXGroup;
			children = (
				4C720FAC24EBCC1200EF17B9 /* UIKit */,
				4CAE637124DDBED3008068CA /* Content */,
				4CA4013624BE4288009DA1F5 /* local */,
				4CA4012424BDE171009DA1F5 /* View Models */,
				4CA4012124BDD2E1009DA1F5 /* Services */,
				4CC5A57D24BBC8E30033F10B /* Modifiers */,
				4C74034624B9CC86009DB50B /* Utils */,
				4C22513D24B8D8F100891773 /* Components */,
				4C22513224B8CA8E00891773 /* Models */,
				4C22512F24B8C1B600891773 /* data */,
				4C217DDA24B7E05C00F5C551 /* Views */,
				4C217DC624B7DE7A00F5C551 /* AppDelegate.swift */,
				4C217DC824B7DE7A00F5C551 /* SceneDelegate.swift */,
				4C217DCA24B7DE7A00F5C551 /* ContentView.swift */,
				4C217DCC24B7DE7D00F5C551 /* Assets.xcassets */,
				4C9D89CD24DC532F001A7831 /* Colors.xcassets */,
				4C217DD124B7DE7E00F5C551 /* LaunchScreen.storyboard */,
				4C217DD424B7DE7E00F5C551 /* Info.plist */,
				4C217DCE24B7DE7D00F5C551 /* Preview Content */,
			);
			path = HealthMe;
			sourceTree = "<group>";
		};
		4C217DCE24B7DE7D00F5C551 /* Preview Content */ = {
			isa = PBXGroup;
			children = (
				4C217DCF24B7DE7D00F5C551 /* Preview Assets.xcassets */,
			);
			path = "Preview Content";
			sourceTree = "<group>";
		};
		4C217DDA24B7E05C00F5C551 /* Views */ = {
			isa = PBXGroup;
			children = (
				4C217DDB24B7E10000F5C551 /* BloodTestsView.swift */,
				4CDCAA8C24F409360012C23C /* PaymentView.swift */,
				4C9D89CF24DC57D2001A7831 /* BookDate.swift */,
				4CDCAA9224F4168D0012C23C /* CardDetailsView.swift */,
				4CA4013B24BFC46D009DA1F5 /* BookStation.swift */,
				4C30183C24F071E800BDF9C7 /* BloodTestInfo.swift */,
				4CDCAA9024F415FC0012C23C /* MapView.swift */,
				4C217DDD24B7E13900F5C551 /* BloodResultsView.swift */,
				4C217DDF24B7E34300F5C551 /* NutritionView.swift */,
				4C217DE124B7E35000F5C551 /* ProfileView.swift */,
				4C22514024B8EFEB00891773 /* AccountView.swift */,
				4C74034224B9C47C009DB50B /* SettingsView.swift */,
				4C74034424B9C885009DB50B /* PrivacyView.swift */,
				4CBF948324BB2DA600252DB8 /* MessagesView.swift */,
				4CBF948924BB34F500252DB8 /* MessagesDetail.swift */,
			);
			path = Views;
			sourceTree = "<group>";
		};
		4C22512F24B8C1B600891773 /* data */ = {
			isa = PBXGroup;
			children = (
				4C22513B24B8D01100891773 /* profileOptions.json */,
				4C7EB3E124EC563700AD3C00 /* bloodStations.json */,
				4C7EB3DF24EC54A200AD3C00 /* pastTests.json */,
				4CBF947D24BB219800252DB8 /* messages.json */,
				4C502EC424F283F300046C4C /* bookings.json */,
			);
			path = data;
			sourceTree = "<group>";
		};
		4C22513224B8CA8E00891773 /* Models */ = {
			isa = PBXGroup;
			children = (
				4C7EB3E324EC576B00AD3C00 /* dataModels.swift */,
				4C22513924B8CF9000891773 /* Data.swift */,
			);
			path = Models;
			sourceTree = "<group>";
		};
		4C22513D24B8D8F100891773 /* Components */ = {
			isa = PBXGroup;
			children = (
				4C9D89D524DC72AA001A7831 /* Layout */,
				4C7EB3DC24EC53FC00AD3C00 /* Lists */,
				4C47D46224DA1F89006ECC51 /* StationList.swift */,
				4C502EC624F288F300046C4C /* DatePicker.swift */,
				4C502EC824F2AE4200046C4C /* TimePicker.swift */,
				4C65B5AA24DE052E002C3CBF /* DateSelect.swift */,
				4C502EBE24F2682000046C4C /* AppointmentCard.swift */,
				4C18239524EF2A1400CD187A /* BloodStationRow.swift */,
				4C18239B24EF32FC00CD187A /* BookTestCard.swift */,
				4C7EB3E724EC750100AD3C00 /* StationRow.swift */,
				4C18239724EF328900CD187A /* Card.swift */,
				4C7EB3E524EC654400AD3C00 /* PastTestRow.swift */,
				4C22513E24B8D90700891773 /* ProfileList.swift */,
				4C22514224B8F28800891773 /* ProfileRow.swift */,
				4CBF948524BB337500252DB8 /* MessagesList.swift */,
				4CBF948724BB33E700252DB8 /* MessagesRow.swift */,
				4C18239924EF32CC00CD187A /* DiscoverHealthMe.swift */,
				4C502EC224F27A7800046C4C /* BookTestButton.swift */,
				4C502ECA24F3188000046C4C /* ConfirmButton.swift */,
				4CDCAA8E24F413DA0012C23C /* IconButton.swift */,
			);
			path = Components;
			sourceTree = "<group>";
		};
		4C720FAC24EBCC1200EF17B9 /* UIKit */ = {
			isa = PBXGroup;
			children = (
				4C720FAD24EBCC3D00EF17B9 /* PageViewController.swift */,
				4C720FAF24EBCDBB00EF17B9 /* PageView.swift */,
			);
			path = UIKit;
			sourceTree = "<group>";
		};
		4C74034624B9CC86009DB50B /* Utils */ = {
			isa = PBXGroup;
			children = (
				4C74034724B9CCAB009DB50B /* UIColor.swift */,
				4C74034B24BA2E00009DB50B /* HelperFunc.swift */,
				4C9D89D124DC5A30001A7831 /* Modifiers.swift */,
			);
			path = Utils;
			sourceTree = "<group>";
		};
		4C7EB3DC24EC53FC00AD3C00 /* Lists */ = {
			isa = PBXGroup;
			children = (
				4C7EB3DD24EC541500AD3C00 /* PastTestsList.swift */,
			);
			path = Lists;
			sourceTree = "<group>";
		};
		4C9D89D524DC72AA001A7831 /* Layout */ = {
			isa = PBXGroup;
			children = (
				4C9D89D324DC5B89001A7831 /* Header.swift */,
				4C502EC024F2796300046C4C /* CardSection.swift */,
			);
			path = Layout;
			sourceTree = "<group>";
		};
		4CA4012124BDD2E1009DA1F5 /* Services */ = {
			isa = PBXGroup;
			children = (
			);
			path = Services;
			sourceTree = "<group>";
		};
		4CA4012424BDE171009DA1F5 /* View Models */ = {
			isa = PBXGroup;
			children = (
			);
			path = "View Models";
			sourceTree = "<group>";
		};
		4CA4013624BE4288009DA1F5 /* local */ = {
			isa = PBXGroup;
			children = (
				4CAE637224DDBF43008068CA /* BloodStations.swift */,
				4CA4013924BE441C009DA1F5 /* locals.swift */,
				4C2733D824E2D985009E53AE /* FigmaToCode.swift */,
				4C31406B24EB0BA900BA496E /* OldViews.swift */,
			);
			path = local;
			sourceTree = "<group>";
		};
		4CAE637124DDBED3008068CA /* Content */ = {
			isa = PBXGroup;
			children = (
				4C22513324B8CAA800891773 /* ContentModels.swift */,
				4C22513524B8CD5200891773 /* ContentDatas.swift */,
			);
			path = Content;
			sourceTree = "<group>";
		};
		4CC5A57D24BBC8E30033F10B /* Modifiers */ = {
			isa = PBXGroup;
			children = (
				4CC5A57E24BBC9050033F10B /* MessagesOptions.swift */,
				4CAE636F24DD823A008068CA /* ElementsModifier.swift */,
			);
			path = Modifiers;
			sourceTree = "<group>";
		};
/* End PBXGroup section */

/* Begin PBXNativeTarget section */
		4C217DC224B7DE7A00F5C551 /* HealthMe */ = {
			isa = PBXNativeTarget;
			buildConfigurationList = 4C217DD724B7DE7E00F5C551 /* Build configuration list for PBXNativeTarget "HealthMe" */;
			buildPhases = (
				4C217DBF24B7DE7A00F5C551 /* Sources */,
				4C217DC024B7DE7A00F5C551 /* Frameworks */,
				4C217DC124B7DE7A00F5C551 /* Resources */,
			);
			buildRules = (
			);
			dependencies = (
			);
			name = HealthMe;
			productName = HealthMe;
			productReference = 4C217DC324B7DE7A00F5C551 /* HealthMe.app */;
			productType = "com.apple.product-type.application";
		};
/* End PBXNativeTarget section */

/* Begin PBXProject section */
		4C217DBB24B7DE7A00F5C551 /* Project object */ = {
			isa = PBXProject;
			attributes = {
				LastSwiftUpdateCheck = 1150;
				LastUpgradeCheck = 1150;
				ORGANIZATIONNAME = "Gustavo Zapata";
				TargetAttributes = {
					4C217DC224B7DE7A00F5C551 = {
						CreatedOnToolsVersion = 11.5;
					};
				};
			};
			buildConfigurationList = 4C217DBE24B7DE7A00F5C551 /* Build configuration list for PBXProject "HealthMe" */;
			compatibilityVersion = "Xcode 9.3";
			developmentRegion = en;
			hasScannedForEncodings = 0;
			knownRegions = (
				en,
				Base,
			);
			mainGroup = 4C217DBA24B7DE7A00F5C551;
			productRefGroup = 4C217DC424B7DE7A00F5C551 /* Products */;
			projectDirPath = "";
			projectRoot = "";
			targets = (
				4C217DC224B7DE7A00F5C551 /* HealthMe */,
			);
		};
/* End PBXProject section */

/* Begin PBXResourcesBuildPhase section */
		4C217DC124B7DE7A00F5C551 /* Resources */ = {
			isa = PBXResourcesBuildPhase;
			buildActionMask = 2147483647;
			files = (
				4C7EB3E024EC54A200AD3C00 /* pastTests.json in Resources */,
				4CBF947E24BB219800252DB8 /* messages.json in Resources */,
				4C502EC524F283F300046C4C /* bookings.json in Resources */,
				4C22513C24B8D01100891773 /* profileOptions.json in Resources */,
				4C217DD324B7DE7E00F5C551 /* LaunchScreen.storyboard in Resources */,
				4C9D89CE24DC532F001A7831 /* Colors.xcassets in Resources */,
				4C217DD024B7DE7D00F5C551 /* Preview Assets.xcassets in Resources */,
				4C217DCD24B7DE7D00F5C551 /* Assets.xcassets in Resources */,
				4C7EB3E224EC563700AD3C00 /* bloodStations.json in Resources */,
			);
			runOnlyForDeploymentPostprocessing = 0;
		};
/* End PBXResourcesBuildPhase section */

/* Begin PBXSourcesBuildPhase section */
		4C217DBF24B7DE7A00F5C551 /* Sources */ = {
			isa = PBXSourcesBuildPhase;
			buildActionMask = 2147483647;
			files = (
				4C720FAE24EBCC3D00EF17B9 /* PageViewController.swift in Sources */,
				4C18239C24EF32FC00CD187A /* BookTestCard.swift in Sources */,
				4C22514124B8EFEB00891773 /* AccountView.swift in Sources */,
				4C217DC724B7DE7A00F5C551 /* AppDelegate.swift in Sources */,
				4C7EB3DE24EC541500AD3C00 /* PastTestsList.swift in Sources */,
				4C22513A24B8CF9000891773 /* Data.swift in Sources */,
				4CC5A57F24BBC9050033F10B /* MessagesOptions.swift in Sources */,
				4CDCAA9324F4168D0012C23C /* CardDetailsView.swift in Sources */,
				4C7EB3E624EC654400AD3C00 /* PastTestRow.swift in Sources */,
				4C502EC324F27A7800046C4C /* BookTestButton.swift in Sources */,
				4C7EB3E424EC576B00AD3C00 /* dataModels.swift in Sources */,
				4C9D89D024DC57D2001A7831 /* BookDate.swift in Sources */,
				4CA4013C24BFC46D009DA1F5 /* BookStation.swift in Sources */,
				4CBF948824BB33E700252DB8 /* MessagesRow.swift in Sources */,
				4C217DDC24B7E10000F5C551 /* BloodTestsView.swift in Sources */,
				4C65B5AB24DE052E002C3CBF /* DateSelect.swift in Sources */,
				4C30183D24F071E800BDF9C7 /* BloodTestInfo.swift in Sources */,
				4CAE637024DD823A008068CA /* ElementsModifier.swift in Sources */,
				4C22513624B8CD5200891773 /* ContentDatas.swift in Sources */,
				4C74034824B9CCAB009DB50B /* UIColor.swift in Sources */,
				4C22514324B8F28800891773 /* ProfileRow.swift in Sources */,
				4C31406C24EB0BA900BA496E /* OldViews.swift in Sources */,
				4CA4013A24BE441C009DA1F5 /* locals.swift in Sources */,
				4C47D46324DA1F89006ECC51 /* StationList.swift in Sources */,
				4C502EC724F288F300046C4C /* DatePicker.swift in Sources */,
				4C217DDE24B7E13900F5C551 /* BloodResultsView.swift in Sources */,
				4C74034324B9C47C009DB50B /* SettingsView.swift in Sources */,
				4C18239624EF2A1400CD187A /* BloodStationRow.swift in Sources */,
				4C9D89D224DC5A30001A7831 /* Modifiers.swift in Sources */,
				4C2733D924E2D985009E53AE /* FigmaToCode.swift in Sources */,
				4C217DE024B7E34300F5C551 /* NutritionView.swift in Sources */,
				4CBF948624BB337500252DB8 /* MessagesList.swift in Sources */,
				4CBF948424BB2DA600252DB8 /* MessagesView.swift in Sources */,
				4CDCAA8F24F413DA0012C23C /* IconButton.swift in Sources */,
				4C720FB024EBCDBB00EF17B9 /* PageView.swift in Sources */,
				4CBF948A24BB34F500252DB8 /* MessagesDetail.swift in Sources */,
				4CAE637324DDBF43008068CA /* BloodStations.swift in Sources */,
				4C217DC924B7DE7A00F5C551 /* SceneDelegate.swift in Sources */,
				4CDCAA9124F415FC0012C23C /* MapView.swift in Sources */,
				4C217DE224B7E35000F5C551 /* ProfileView.swift in Sources */,
				4C502EC924F2AE4200046C4C /* TimePicker.swift in Sources */,
				4C502ECB24F3188000046C4C /* ConfirmButton.swift in Sources */,
				4C74034C24BA2E00009DB50B /* HelperFunc.swift in Sources */,
				4C9D89D424DC5B89001A7831 /* Header.swift in Sources */,
				4C217DCB24B7DE7A00F5C551 /* ContentView.swift in Sources */,
				4C18239824EF328900CD187A /* Card.swift in Sources */,
				4CDCAA8D24F409360012C23C /* PaymentView.swift in Sources */,
				4C18239A24EF32CC00CD187A /* DiscoverHealthMe.swift in Sources */,
				4C22513424B8CAA800891773 /* ContentModels.swift in Sources */,
				4C502EC124F2796300046C4C /* CardSection.swift in Sources */,
				4C7EB3E824EC750100AD3C00 /* StationRow.swift in Sources */,
				4C22513F24B8D90700891773 /* ProfileList.swift in Sources */,
				4C502EBF24F2682000046C4C /* AppointmentCard.swift in Sources */,
				4C74034524B9C885009DB50B /* PrivacyView.swift in Sources */,
			);
			runOnlyForDeploymentPostprocessing = 0;
		};
/* End PBXSourcesBuildPhase section */

/* Begin PBXVariantGroup section */
		4C217DD124B7DE7E00F5C551 /* LaunchScreen.storyboard */ = {
			isa = PBXVariantGroup;
			children = (
				4C217DD224B7DE7E00F5C551 /* Base */,
			);
			name = LaunchScreen.storyboard;
			sourceTree = "<group>";
		};
/* End PBXVariantGroup section */

/* Begin XCBuildConfiguration section */
		4C217DD524B7DE7E00F5C551 /* Debug */ = {
			isa = XCBuildConfiguration;
			buildSettings = {
				ALWAYS_SEARCH_USER_PATHS = NO;
				CLANG_ANALYZER_NONNULL = YES;
				CLANG_ANALYZER_NUMBER_OBJECT_CONVERSION = YES_AGGRESSIVE;
				CLANG_CXX_LANGUAGE_STANDARD = "gnu++14";
				CLANG_CXX_LIBRARY = "libc++";
				CLANG_ENABLE_MODULES = YES;
				CLANG_ENABLE_OBJC_ARC = YES;
				CLANG_ENABLE_OBJC_WEAK = YES;
				CLANG_WARN_BLOCK_CAPTURE_AUTORELEASING = YES;
				CLANG_WARN_BOOL_CONVERSION = YES;
				CLANG_WARN_COMMA = YES;
				CLANG_WARN_CONSTANT_CONVERSION = YES;
				CLANG_WARN_DEPRECATED_OBJC_IMPLEMENTATIONS = YES;
				CLANG_WARN_DIRECT_OBJC_ISA_USAGE = YES_ERROR;
				CLANG_WARN_DOCUMENTATION_COMMENTS = YES;
				CLANG_WARN_EMPTY_BODY = YES;
				CLANG_WARN_ENUM_CONVERSION = YES;
				CLANG_WARN_INFINITE_RECURSION = YES;
				CLANG_WARN_INT_CONVERSION = YES;
				CLANG_WARN_NON_LITERAL_NULL_CONVERSION = YES;
				CLANG_WARN_OBJC_IMPLICIT_RETAIN_SELF = YES;
				CLANG_WARN_OBJC_LITERAL_CONVERSION = YES;
				CLANG_WARN_OBJC_ROOT_CLASS = YES_ERROR;
				CLANG_WARN_RANGE_LOOP_ANALYSIS = YES;
				CLANG_WARN_STRICT_PROTOTYPES = YES;
				CLANG_WARN_SUSPICIOUS_MOVE = YES;
				CLANG_WARN_UNGUARDED_AVAILABILITY = YES_AGGRESSIVE;
				CLANG_WARN_UNREACHABLE_CODE = YES;
				CLANG_WARN__DUPLICATE_METHOD_MATCH = YES;
				COPY_PHASE_STRIP = NO;
				DEBUG_INFORMATION_FORMAT = dwarf;
				ENABLE_STRICT_OBJC_MSGSEND = YES;
				ENABLE_TESTABILITY = YES;
				GCC_C_LANGUAGE_STANDARD = gnu11;
				GCC_DYNAMIC_NO_PIC = NO;
				GCC_NO_COMMON_BLOCKS = YES;
				GCC_OPTIMIZATION_LEVEL = 0;
				GCC_PREPROCESSOR_DEFINITIONS = (
					"DEBUG=1",
					"$(inherited)",
				);
				GCC_WARN_64_TO_32_BIT_CONVERSION = YES;
				GCC_WARN_ABOUT_RETURN_TYPE = YES_ERROR;
				GCC_WARN_UNDECLARED_SELECTOR = YES;
				GCC_WARN_UNINITIALIZED_AUTOS = YES_AGGRESSIVE;
				GCC_WARN_UNUSED_FUNCTION = YES;
				GCC_WARN_UNUSED_VARIABLE = YES;
				IPHONEOS_DEPLOYMENT_TARGET = 13.5;
				MTL_ENABLE_DEBUG_INFO = INCLUDE_SOURCE;
				MTL_FAST_MATH = YES;
				ONLY_ACTIVE_ARCH = YES;
				SDKROOT = iphoneos;
				SWIFT_ACTIVE_COMPILATION_CONDITIONS = DEBUG;
				SWIFT_OPTIMIZATION_LEVEL = "-Onone";
			};
			name = Debug;
		};
		4C217DD624B7DE7E00F5C551 /* Release */ = {
			isa = XCBuildConfiguration;
			buildSettings = {
				ALWAYS_SEARCH_USER_PATHS = NO;
				CLANG_ANALYZER_NONNULL = YES;
				CLANG_ANALYZER_NUMBER_OBJECT_CONVERSION = YES_AGGRESSIVE;
				CLANG_CXX_LANGUAGE_STANDARD = "gnu++14";
				CLANG_CXX_LIBRARY = "libc++";
				CLANG_ENABLE_MODULES = YES;
				CLANG_ENABLE_OBJC_ARC = YES;
				CLANG_ENABLE_OBJC_WEAK = YES;
				CLANG_WARN_BLOCK_CAPTURE_AUTORELEASING = YES;
				CLANG_WARN_BOOL_CONVERSION = YES;
				CLANG_WARN_COMMA = YES;
				CLANG_WARN_CONSTANT_CONVERSION = YES;
				CLANG_WARN_DEPRECATED_OBJC_IMPLEMENTATIONS = YES;
				CLANG_WARN_DIRECT_OBJC_ISA_USAGE = YES_ERROR;
				CLANG_WARN_DOCUMENTATION_COMMENTS = YES;
				CLANG_WARN_EMPTY_BODY = YES;
				CLANG_WARN_ENUM_CONVERSION = YES;
				CLANG_WARN_INFINITE_RECURSION = YES;
				CLANG_WARN_INT_CONVERSION = YES;
				CLANG_WARN_NON_LITERAL_NULL_CONVERSION = YES;
				CLANG_WARN_OBJC_IMPLICIT_RETAIN_SELF = YES;
				CLANG_WARN_OBJC_LITERAL_CONVERSION = YES;
				CLANG_WARN_OBJC_ROOT_CLASS = YES_ERROR;
				CLANG_WARN_RANGE_LOOP_ANALYSIS = YES;
				CLANG_WARN_STRICT_PROTOTYPES = YES;
				CLANG_WARN_SUSPICIOUS_MOVE = YES;
				CLANG_WARN_UNGUARDED_AVAILABILITY = YES_AGGRESSIVE;
				CLANG_WARN_UNREACHABLE_CODE = YES;
				CLANG_WARN__DUPLICATE_METHOD_MATCH = YES;
				COPY_PHASE_STRIP = NO;
				DEBUG_INFORMATION_FORMAT = "dwarf-with-dsym";
				ENABLE_NS_ASSERTIONS = NO;
				ENABLE_STRICT_OBJC_MSGSEND = YES;
				GCC_C_LANGUAGE_STANDARD = gnu11;
				GCC_NO_COMMON_BLOCKS = YES;
				GCC_WARN_64_TO_32_BIT_CONVERSION = YES;
				GCC_WARN_ABOUT_RETURN_TYPE = YES_ERROR;
				GCC_WARN_UNDECLARED_SELECTOR = YES;
				GCC_WARN_UNINITIALIZED_AUTOS = YES_AGGRESSIVE;
				GCC_WARN_UNUSED_FUNCTION = YES;
				GCC_WARN_UNUSED_VARIABLE = YES;
				IPHONEOS_DEPLOYMENT_TARGET = 13.5;
				MTL_ENABLE_DEBUG_INFO = NO;
				MTL_FAST_MATH = YES;
				SDKROOT = iphoneos;
				SWIFT_COMPILATION_MODE = wholemodule;
				SWIFT_OPTIMIZATION_LEVEL = "-O";
				VALIDATE_PRODUCT = YES;
			};
			name = Release;
		};
		4C217DD824B7DE7E00F5C551 /* Debug */ = {
			isa = XCBuildConfiguration;
			buildSettings = {
				ASSETCATALOG_COMPILER_APPICON_NAME = AppIcon;
				CODE_SIGN_STYLE = Automatic;
				DEVELOPMENT_ASSET_PATHS = "\"HealthMe/Preview Content\"";
				DEVELOPMENT_TEAM = LFFP3H92BH;
				ENABLE_PREVIEWS = YES;
				INFOPLIST_FILE = HealthMe/Info.plist;
				LD_RUNPATH_SEARCH_PATHS = (
					"$(inherited)",
					"@executable_path/Frameworks",
				);
				PRODUCT_BUNDLE_IDENTIFIER = me.gustavozapata.HealthMe;
				PRODUCT_NAME = "$(TARGET_NAME)";
				SWIFT_VERSION = 5.0;
				TARGETED_DEVICE_FAMILY = "1,2";
			};
			name = Debug;
		};
		4C217DD924B7DE7E00F5C551 /* Release */ = {
			isa = XCBuildConfiguration;
			buildSettings = {
				ASSETCATALOG_COMPILER_APPICON_NAME = AppIcon;
				CODE_SIGN_STYLE = Automatic;
				DEVELOPMENT_ASSET_PATHS = "\"HealthMe/Preview Content\"";
				DEVELOPMENT_TEAM = LFFP3H92BH;
				ENABLE_PREVIEWS = YES;
				INFOPLIST_FILE = HealthMe/Info.plist;
				LD_RUNPATH_SEARCH_PATHS = (
					"$(inherited)",
					"@executable_path/Frameworks",
				);
				PRODUCT_BUNDLE_IDENTIFIER = me.gustavozapata.HealthMe;
				PRODUCT_NAME = "$(TARGET_NAME)";
				SWIFT_VERSION = 5.0;
				TARGETED_DEVICE_FAMILY = "1,2";
			};
			name = Release;
		};
/* End XCBuildConfiguration section */

/* Begin XCConfigurationList section */
		4C217DBE24B7DE7A00F5C551 /* Build configuration list for PBXProject "HealthMe" */ = {
			isa = XCConfigurationList;
			buildConfigurations = (
				4C217DD524B7DE7E00F5C551 /* Debug */,
				4C217DD624B7DE7E00F5C551 /* Release */,
			);
			defaultConfigurationIsVisible = 0;
			defaultConfigurationName = Release;
		};
		4C217DD724B7DE7E00F5C551 /* Build configuration list for PBXNativeTarget "HealthMe" */ = {
			isa = XCConfigurationList;
			buildConfigurations = (
				4C217DD824B7DE7E00F5C551 /* Debug */,
				4C217DD924B7DE7E00F5C551 /* Release */,
			);
			defaultConfigurationIsVisible = 0;
			defaultConfigurationName = Release;
		};
/* End XCConfigurationList section */
	};
	rootObject = 4C217DBB24B7DE7A00F5C551 /* Project object */;
}
