// !$*UTF8*$!
{
	archiveVersion = 1;
	classes = {
	};
	objectVersion = 50;
	objects = {

/* Begin PBXBuildFile section */
		4C217DC724B7DE7A00F5C551 /* AppDelegate.swift in Sources */ = {isa = PBXBuildFile; fileRef = 4C217DC624B7DE7A00F5C551 /* AppDelegate.swift */; };
		4C217DC924B7DE7A00F5C551 /* SceneDelegate.swift in Sources */ = {isa = PBXBuildFile; fileRef = 4C217DC824B7DE7A00F5C551 /* SceneDelegate.swift */; };
		4C217DCB24B7DE7A00F5C551 /* ContentView.swift in Sources */ = {isa = PBXBuildFile; fileRef = 4C217DCA24B7DE7A00F5C551 /* ContentView.swift */; };
		4C217DCD24B7DE7D00F5C551 /* Assets.xcassets in Resources */ = {isa = PBXBuildFile; fileRef = 4C217DCC24B7DE7D00F5C551 /* Assets.xcassets */; };
		4C217DD024B7DE7D00F5C551 /* Preview Assets.xcassets in Resources */ = {isa = PBXBuildFile; fileRef = 4C217DCF24B7DE7D00F5C551 /* Preview Assets.xcassets */; };
		4C217DD324B7DE7E00F5C551 /* LaunchScreen.storyboard in Resources */ = {isa = PBXBuildFile; fileRef = 4C217DD124B7DE7E00F5C551 /* LaunchScreen.storyboard */; };
		4C217DDC24B7E10000F5C551 /* BloodTestsView.swift in Sources */ = {isa = PBXBuildFile; fileRef = 4C217DDB24B7E10000F5C551 /* BloodTestsView.swift */; };
		4C217DDE24B7E13900F5C551 /* BloodResultsView.swift in Sources */ = {isa = PBXBuildFile; fileRef = 4C217DDD24B7E13900F5C551 /* BloodResultsView.swift */; };
		4C217DE024B7E34300F5C551 /* NutritionView.swift in Sources */ = {isa = PBXBuildFile; fileRef = 4C217DDF24B7E34300F5C551 /* NutritionView.swift */; };
		4C217DE224B7E35000F5C551 /* ProfileView.swift in Sources */ = {isa = PBXBuildFile; fileRef = 4C217DE124B7E35000F5C551 /* ProfileView.swift */; };
		4C22513424B8CAA800891773 /* ProfileModel.swift in Sources */ = {isa = PBXBuildFile; fileRef = 4C22513324B8CAA800891773 /* ProfileModel.swift */; };
		4C22513624B8CD5200891773 /* ProfileData.swift in Sources */ = {isa = PBXBuildFile; fileRef = 4C22513524B8CD5200891773 /* ProfileData.swift */; };
		4C22513A24B8CF9000891773 /* Data.swift in Sources */ = {isa = PBXBuildFile; fileRef = 4C22513924B8CF9000891773 /* Data.swift */; };
		4C22513C24B8D01100891773 /* profileOptions.json in Resources */ = {isa = PBXBuildFile; fileRef = 4C22513B24B8D01100891773 /* profileOptions.json */; };
		4C22513F24B8D90700891773 /* ProfileList.swift in Sources */ = {isa = PBXBuildFile; fileRef = 4C22513E24B8D90700891773 /* ProfileList.swift */; };
		4C22514124B8EFEB00891773 /* AccountView.swift in Sources */ = {isa = PBXBuildFile; fileRef = 4C22514024B8EFEB00891773 /* AccountView.swift */; };
		4C22514324B8F28800891773 /* ProfileRow.swift in Sources */ = {isa = PBXBuildFile; fileRef = 4C22514224B8F28800891773 /* ProfileRow.swift */; };
		4C74034324B9C47C009DB50B /* SettingsView.swift in Sources */ = {isa = PBXBuildFile; fileRef = 4C74034224B9C47C009DB50B /* SettingsView.swift */; };
		4C74034524B9C885009DB50B /* PrivacyView.swift in Sources */ = {isa = PBXBuildFile; fileRef = 4C74034424B9C885009DB50B /* PrivacyView.swift */; };
		4C74034824B9CCAB009DB50B /* UIColor.swift in Sources */ = {isa = PBXBuildFile; fileRef = 4C74034724B9CCAB009DB50B /* UIColor.swift */; };
/* End PBXBuildFile section */

/* Begin PBXFileReference section */
		4C217DC324B7DE7A00F5C551 /* HealthMe.app */ = {isa = PBXFileReference; explicitFileType = wrapper.application; includeInIndex = 0; path = HealthMe.app; sourceTree = BUILT_PRODUCTS_DIR; };
		4C217DC624B7DE7A00F5C551 /* AppDelegate.swift */ = {isa = PBXFileReference; lastKnownFileType = sourcecode.swift; path = AppDelegate.swift; sourceTree = "<group>"; };
		4C217DC824B7DE7A00F5C551 /* SceneDelegate.swift */ = {isa = PBXFileReference; lastKnownFileType = sourcecode.swift; path = SceneDelegate.swift; sourceTree = "<group>"; };
		4C217DCA24B7DE7A00F5C551 /* ContentView.swift */ = {isa = PBXFileReference; lastKnownFileType = sourcecode.swift; path = ContentView.swift; sourceTree = "<group>"; };
		4C217DCC24B7DE7D00F5C551 /* Assets.xcassets */ = {isa = PBXFileReference; lastKnownFileType = folder.assetcatalog; path = Assets.xcassets; sourceTree = "<group>"; };
		4C217DCF24B7DE7D00F5C551 /* Preview Assets.xcassets */ = {isa = PBXFileReference; lastKnownFileType = folder.assetcatalog; path = "Preview Assets.xcassets"; sourceTree = "<group>"; };
		4C217DD224B7DE7E00F5C551 /* Base */ = {isa = PBXFileReference; lastKnownFileType = file.storyboard; name = Base; path = Base.lproj/LaunchScreen.storyboard; sourceTree = "<group>"; };
		4C217DD424B7DE7E00F5C551 /* Info.plist */ = {isa = PBXFileReference; lastKnownFileType = text.plist.xml; path = Info.plist; sourceTree = "<group>"; };
		4C217DDB24B7E10000F5C551 /* BloodTestsView.swift */ = {isa = PBXFileReference; lastKnownFileType = sourcecode.swift; path = BloodTestsView.swift; sourceTree = "<group>"; };
		4C217DDD24B7E13900F5C551 /* BloodResultsView.swift */ = {isa = PBXFileReference; lastKnownFileType = sourcecode.swift; path = BloodResultsView.swift; sourceTree = "<group>"; };
		4C217DDF24B7E34300F5C551 /* NutritionView.swift */ = {isa = PBXFileReference; lastKnownFileType = sourcecode.swift; path = NutritionView.swift; sourceTree = "<group>"; };
		4C217DE124B7E35000F5C551 /* ProfileView.swift */ = {isa = PBXFileReference; lastKnownFileType = sourcecode.swift; path = ProfileView.swift; sourceTree = "<group>"; };
		4C22513324B8CAA800891773 /* ProfileModel.swift */ = {isa = PBXFileReference; lastKnownFileType = sourcecode.swift; path = ProfileModel.swift; sourceTree = "<group>"; };
		4C22513524B8CD5200891773 /* ProfileData.swift */ = {isa = PBXFileReference; lastKnownFileType = sourcecode.swift; path = ProfileData.swift; sourceTree = "<group>"; };
		4C22513924B8CF9000891773 /* Data.swift */ = {isa = PBXFileReference; lastKnownFileType = sourcecode.swift; path = Data.swift; sourceTree = "<group>"; };
		4C22513B24B8D01100891773 /* profileOptions.json */ = {isa = PBXFileReference; lastKnownFileType = text.json; path = profileOptions.json; sourceTree = "<group>"; };
		4C22513E24B8D90700891773 /* ProfileList.swift */ = {isa = PBXFileReference; lastKnownFileType = sourcecode.swift; path = ProfileList.swift; sourceTree = "<group>"; };
		4C22514024B8EFEB00891773 /* AccountView.swift */ = {isa = PBXFileReference; lastKnownFileType = sourcecode.swift; path = AccountView.swift; sourceTree = "<group>"; };
		4C22514224B8F28800891773 /* ProfileRow.swift */ = {isa = PBXFileReference; lastKnownFileType = sourcecode.swift; path = ProfileRow.swift; sourceTree = "<group>"; };
		4C74034224B9C47C009DB50B /* SettingsView.swift */ = {isa = PBXFileReference; lastKnownFileType = sourcecode.swift; path = SettingsView.swift; sourceTree = "<group>"; };
		4C74034424B9C885009DB50B /* PrivacyView.swift */ = {isa = PBXFileReference; lastKnownFileType = sourcecode.swift; path = PrivacyView.swift; sourceTree = "<group>"; };
		4C74034724B9CCAB009DB50B /* UIColor.swift */ = {isa = PBXFileReference; lastKnownFileType = sourcecode.swift; path = UIColor.swift; sourceTree = "<group>"; };
/* End PBXFileReference section */

/* Begin PBXFrameworksBuildPhase section */
		4C217DC024B7DE7A00F5C551 /* Frameworks */ = {
			isa = PBXFrameworksBuildPhase;
			buildActionMask = 2147483647;
			files = (
			);
			runOnlyForDeploymentPostprocessing = 0;
		};
/* End PBXFrameworksBuildPhase section */

/* Begin PBXGroup section */
		4C217DBA24B7DE7A00F5C551 = {
			isa = PBXGroup;
			children = (
				4C217DC524B7DE7A00F5C551 /* HealthMe */,
				4C217DC424B7DE7A00F5C551 /* Products */,
			);
			sourceTree = "<group>";
		};
		4C217DC424B7DE7A00F5C551 /* Products */ = {
			isa = PBXGroup;
			children = (
				4C217DC324B7DE7A00F5C551 /* HealthMe.app */,
			);
			name = Products;
			sourceTree = "<group>";
		};
		4C217DC524B7DE7A00F5C551 /* HealthMe */ = {
			isa = PBXGroup;
			children = (
				4C74034624B9CC86009DB50B /* Utils */,
				4C22513D24B8D8F100891773 /* Components */,
				4C22513224B8CA8E00891773 /* Models */,
				4C22512F24B8C1B600891773 /* data */,
				4C217DDA24B7E05C00F5C551 /* Views */,
				4C217DC624B7DE7A00F5C551 /* AppDelegate.swift */,
				4C217DC824B7DE7A00F5C551 /* SceneDelegate.swift */,
				4C217DCA24B7DE7A00F5C551 /* ContentView.swift */,
				4C217DCC24B7DE7D00F5C551 /* Assets.xcassets */,
				4C217DD124B7DE7E00F5C551 /* LaunchScreen.storyboard */,
				4C217DD424B7DE7E00F5C551 /* Info.plist */,
				4C217DCE24B7DE7D00F5C551 /* Preview Content */,
			);
			path = HealthMe;
			sourceTree = "<group>";
		};
		4C217DCE24B7DE7D00F5C551 /* Preview Content */ = {
			isa = PBXGroup;
			children = (
				4C217DCF24B7DE7D00F5C551 /* Preview Assets.xcassets */,
			);
			path = "Preview Content";
			sourceTree = "<group>";
		};
		4C217DDA24B7E05C00F5C551 /* Views */ = {
			isa = PBXGroup;
			children = (
				4C217DDB24B7E10000F5C551 /* BloodTestsView.swift */,
				4C217DDD24B7E13900F5C551 /* BloodResultsView.swift */,
				4C217DDF24B7E34300F5C551 /* NutritionView.swift */,
				4C217DE124B7E35000F5C551 /* ProfileView.swift */,
				4C22514024B8EFEB00891773 /* AccountView.swift */,
				4C74034224B9C47C009DB50B /* SettingsView.swift */,
				4C74034424B9C885009DB50B /* PrivacyView.swift */,
			);
			path = Views;
			sourceTree = "<group>";
		};
		4C22512F24B8C1B600891773 /* data */ = {
			isa = PBXGroup;
			children = (
				4C22513B24B8D01100891773 /* profileOptions.json */,
			);
			path = data;
			sourceTree = "<group>";
		};
		4C22513224B8CA8E00891773 /* Models */ = {
			isa = PBXGroup;
			children = (
				4C22513324B8CAA800891773 /* ProfileModel.swift */,
				4C22513924B8CF9000891773 /* Data.swift */,
				4C22513524B8CD5200891773 /* ProfileData.swift */,
			);
			path = Models;
			sourceTree = "<group>";
		};
		4C22513D24B8D8F100891773 /* Components */ = {
			isa = PBXGroup;
			children = (
				4C22513E24B8D90700891773 /* ProfileList.swift */,
				4C22514224B8F28800891773 /* ProfileRow.swift */,
			);
			path = Components;
			sourceTree = "<group>";
		};
		4C74034624B9CC86009DB50B /* Utils */ = {
			isa = PBXGroup;
			children = (
				4C74034724B9CCAB009DB50B /* UIColor.swift */,
			);
			path = Utils;
			sourceTree = "<group>";
		};
/* End PBXGroup section */

/* Begin PBXNativeTarget section */
		4C217DC224B7DE7A00F5C551 /* HealthMe */ = {
			isa = PBXNativeTarget;
			buildConfigurationList = 4C217DD724B7DE7E00F5C551 /* Build configuration list for PBXNativeTarget "HealthMe" */;
			buildPhases = (
				4C217DBF24B7DE7A00F5C551 /* Sources */,
				4C217DC024B7DE7A00F5C551 /* Frameworks */,
				4C217DC124B7DE7A00F5C551 /* Resources */,
			);
			buildRules = (
			);
			dependencies = (
			);
			name = HealthMe;
			productName = HealthMe;
			productReference = 4C217DC324B7DE7A00F5C551 /* HealthMe.app */;
			productType = "com.apple.product-type.application";
		};
/* End PBXNativeTarget section */

/* Begin PBXProject section */
		4C217DBB24B7DE7A00F5C551 /* Project object */ = {
			isa = PBXProject;
			attributes = {
				LastSwiftUpdateCheck = 1150;
				LastUpgradeCheck = 1150;
				ORGANIZATIONNAME = "Gustavo Zapata";
				TargetAttributes = {
					4C217DC224B7DE7A00F5C551 = {
						CreatedOnToolsVersion = 11.5;
					};
				};
			};
			buildConfigurationList = 4C217DBE24B7DE7A00F5C551 /* Build configuration list for PBXProject "HealthMe" */;
			compatibilityVersion = "Xcode 9.3";
			developmentRegion = en;
			hasScannedForEncodings = 0;
			knownRegions = (
				en,
				Base,
			);
			mainGroup = 4C217DBA24B7DE7A00F5C551;
			productRefGroup = 4C217DC424B7DE7A00F5C551 /* Products */;
			projectDirPath = "";
			projectRoot = "";
			targets = (
				4C217DC224B7DE7A00F5C551 /* HealthMe */,
			);
		};
/* End PBXProject section */

/* Begin PBXResourcesBuildPhase section */
		4C217DC124B7DE7A00F5C551 /* Resources */ = {
			isa = PBXResourcesBuildPhase;
			buildActionMask = 2147483647;
			files = (
				4C22513C24B8D01100891773 /* profileOptions.json in Resources */,
				4C217DD324B7DE7E00F5C551 /* LaunchScreen.storyboard in Resources */,
				4C217DD024B7DE7D00F5C551 /* Preview Assets.xcassets in Resources */,
				4C217DCD24B7DE7D00F5C551 /* Assets.xcassets in Resources */,
			);
			runOnlyForDeploymentPostprocessing = 0;
		};
/* End PBXResourcesBuildPhase section */

/* Begin PBXSourcesBuildPhase section */
		4C217DBF24B7DE7A00F5C551 /* Sources */ = {
			isa = PBXSourcesBuildPhase;
			buildActionMask = 2147483647;
			files = (
				4C22514124B8EFEB00891773 /* AccountView.swift in Sources */,
				4C217DC724B7DE7A00F5C551 /* AppDelegate.swift in Sources */,
				4C22513A24B8CF9000891773 /* Data.swift in Sources */,
				4C217DDC24B7E10000F5C551 /* BloodTestsView.swift in Sources */,
				4C22513624B8CD5200891773 /* ProfileData.swift in Sources */,
				4C74034824B9CCAB009DB50B /* UIColor.swift in Sources */,
				4C22514324B8F28800891773 /* ProfileRow.swift in Sources */,
				4C217DDE24B7E13900F5C551 /* BloodResultsView.swift in Sources */,
				4C74034324B9C47C009DB50B /* SettingsView.swift in Sources */,
				4C217DE024B7E34300F5C551 /* NutritionView.swift in Sources */,
				4C217DC924B7DE7A00F5C551 /* SceneDelegate.swift in Sources */,
				4C217DE224B7E35000F5C551 /* ProfileView.swift in Sources */,
				4C217DCB24B7DE7A00F5C551 /* ContentView.swift in Sources */,
				4C22513424B8CAA800891773 /* ProfileModel.swift in Sources */,
				4C22513F24B8D90700891773 /* ProfileList.swift in Sources */,
				4C74034524B9C885009DB50B /* PrivacyView.swift in Sources */,
			);
			runOnlyForDeploymentPostprocessing = 0;
		};
/* End PBXSourcesBuildPhase section */

/* Begin PBXVariantGroup section */
		4C217DD124B7DE7E00F5C551 /* LaunchScreen.storyboard */ = {
			isa = PBXVariantGroup;
			children = (
				4C217DD224B7DE7E00F5C551 /* Base */,
			);
			name = LaunchScreen.storyboard;
			sourceTree = "<group>";
		};
/* End PBXVariantGroup section */

/* Begin XCBuildConfiguration section */
		4C217DD524B7DE7E00F5C551 /* Debug */ = {
			isa = XCBuildConfiguration;
			buildSettings = {
				ALWAYS_SEARCH_USER_PATHS = NO;
				CLANG_ANALYZER_NONNULL = YES;
				CLANG_ANALYZER_NUMBER_OBJECT_CONVERSION = YES_AGGRESSIVE;
				CLANG_CXX_LANGUAGE_STANDARD = "gnu++14";
				CLANG_CXX_LIBRARY = "libc++";
				CLANG_ENABLE_MODULES = YES;
				CLANG_ENABLE_OBJC_ARC = YES;
				CLANG_ENABLE_OBJC_WEAK = YES;
				CLANG_WARN_BLOCK_CAPTURE_AUTORELEASING = YES;
				CLANG_WARN_BOOL_CONVERSION = YES;
				CLANG_WARN_COMMA = YES;
				CLANG_WARN_CONSTANT_CONVERSION = YES;
				CLANG_WARN_DEPRECATED_OBJC_IMPLEMENTATIONS = YES;
				CLANG_WARN_DIRECT_OBJC_ISA_USAGE = YES_ERROR;
				CLANG_WARN_DOCUMENTATION_COMMENTS = YES;
				CLANG_WARN_EMPTY_BODY = YES;
				CLANG_WARN_ENUM_CONVERSION = YES;
				CLANG_WARN_INFINITE_RECURSION = YES;
				CLANG_WARN_INT_CONVERSION = YES;
				CLANG_WARN_NON_LITERAL_NULL_CONVERSION = YES;
				CLANG_WARN_OBJC_IMPLICIT_RETAIN_SELF = YES;
				CLANG_WARN_OBJC_LITERAL_CONVERSION = YES;
				CLANG_WARN_OBJC_ROOT_CLASS = YES_ERROR;
				CLANG_WARN_RANGE_LOOP_ANALYSIS = YES;
				CLANG_WARN_STRICT_PROTOTYPES = YES;
				CLANG_WARN_SUSPICIOUS_MOVE = YES;
				CLANG_WARN_UNGUARDED_AVAILABILITY = YES_AGGRESSIVE;
				CLANG_WARN_UNREACHABLE_CODE = YES;
				CLANG_WARN__DUPLICATE_METHOD_MATCH = YES;
				COPY_PHASE_STRIP = NO;
				DEBUG_INFORMATION_FORMAT = dwarf;
				ENABLE_STRICT_OBJC_MSGSEND = YES;
				ENABLE_TESTABILITY = YES;
				GCC_C_LANGUAGE_STANDARD = gnu11;
				GCC_DYNAMIC_NO_PIC = NO;
				GCC_NO_COMMON_BLOCKS = YES;
				GCC_OPTIMIZATION_LEVEL = 0;
				GCC_PREPROCESSOR_DEFINITIONS = (
					"DEBUG=1",
					"$(inherited)",
				);
				GCC_WARN_64_TO_32_BIT_CONVERSION = YES;
				GCC_WARN_ABOUT_RETURN_TYPE = YES_ERROR;
				GCC_WARN_UNDECLARED_SELECTOR = YES;
				GCC_WARN_UNINITIALIZED_AUTOS = YES_AGGRESSIVE;
				GCC_WARN_UNUSED_FUNCTION = YES;
				GCC_WARN_UNUSED_VARIABLE = YES;
				IPHONEOS_DEPLOYMENT_TARGET = 13.5;
				MTL_ENABLE_DEBUG_INFO = INCLUDE_SOURCE;
				MTL_FAST_MATH = YES;
				ONLY_ACTIVE_ARCH = YES;
				SDKROOT = iphoneos;
				SWIFT_ACTIVE_COMPILATION_CONDITIONS = DEBUG;
				SWIFT_OPTIMIZATION_LEVEL = "-Onone";
			};
			name = Debug;
		};
		4C217DD624B7DE7E00F5C551 /* Release */ = {
			isa = XCBuildConfiguration;
			buildSettings = {
				ALWAYS_SEARCH_USER_PATHS = NO;
				CLANG_ANALYZER_NONNULL = YES;
				CLANG_ANALYZER_NUMBER_OBJECT_CONVERSION = YES_AGGRESSIVE;
				CLANG_CXX_LANGUAGE_STANDARD = "gnu++14";
				CLANG_CXX_LIBRARY = "libc++";
				CLANG_ENABLE_MODULES = YES;
				CLANG_ENABLE_OBJC_ARC = YES;
				CLANG_ENABLE_OBJC_WEAK = YES;
				CLANG_WARN_BLOCK_CAPTURE_AUTORELEASING = YES;
				CLANG_WARN_BOOL_CONVERSION = YES;
				CLANG_WARN_COMMA = YES;
				CLANG_WARN_CONSTANT_CONVERSION = YES;
				CLANG_WARN_DEPRECATED_OBJC_IMPLEMENTATIONS = YES;
				CLANG_WARN_DIRECT_OBJC_ISA_USAGE = YES_ERROR;
				CLANG_WARN_DOCUMENTATION_COMMENTS = YES;
				CLANG_WARN_EMPTY_BODY = YES;
				CLANG_WARN_ENUM_CONVERSION = YES;
				CLANG_WARN_INFINITE_RECURSION = YES;
				CLANG_WARN_INT_CONVERSION = YES;
				CLANG_WARN_NON_LITERAL_NULL_CONVERSION = YES;
				CLANG_WARN_OBJC_IMPLICIT_RETAIN_SELF = YES;
				CLANG_WARN_OBJC_LITERAL_CONVERSION = YES;
				CLANG_WARN_OBJC_ROOT_CLASS = YES_ERROR;
				CLANG_WARN_RANGE_LOOP_ANALYSIS = YES;
				CLANG_WARN_STRICT_PROTOTYPES = YES;
				CLANG_WARN_SUSPICIOUS_MOVE = YES;
				CLANG_WARN_UNGUARDED_AVAILABILITY = YES_AGGRESSIVE;
				CLANG_WARN_UNREACHABLE_CODE = YES;
				CLANG_WARN__DUPLICATE_METHOD_MATCH = YES;
				COPY_PHASE_STRIP = NO;
				DEBUG_INFORMATION_FORMAT = "dwarf-with-dsym";
				ENABLE_NS_ASSERTIONS = NO;
				ENABLE_STRICT_OBJC_MSGSEND = YES;
				GCC_C_LANGUAGE_STANDARD = gnu11;
				GCC_NO_COMMON_BLOCKS = YES;
				GCC_WARN_64_TO_32_BIT_CONVERSION = YES;
				GCC_WARN_ABOUT_RETURN_TYPE = YES_ERROR;
				GCC_WARN_UNDECLARED_SELECTOR = YES;
				GCC_WARN_UNINITIALIZED_AUTOS = YES_AGGRESSIVE;
				GCC_WARN_UNUSED_FUNCTION = YES;
				GCC_WARN_UNUSED_VARIABLE = YES;
				IPHONEOS_DEPLOYMENT_TARGET = 13.5;
				MTL_ENABLE_DEBUG_INFO = NO;
				MTL_FAST_MATH = YES;
				SDKROOT = iphoneos;
				SWIFT_COMPILATION_MODE = wholemodule;
				SWIFT_OPTIMIZATION_LEVEL = "-O";
				VALIDATE_PRODUCT = YES;
			};
			name = Release;
		};
		4C217DD824B7DE7E00F5C551 /* Debug */ = {
			isa = XCBuildConfiguration;
			buildSettings = {
				ASSETCATALOG_COMPILER_APPICON_NAME = AppIcon;
				CODE_SIGN_STYLE = Automatic;
				DEVELOPMENT_ASSET_PATHS = "\"HealthMe/Preview Content\"";
				DEVELOPMENT_TEAM = LFFP3H92BH;
				ENABLE_PREVIEWS = YES;
				INFOPLIST_FILE = HealthMe/Info.plist;
				LD_RUNPATH_SEARCH_PATHS = (
					"$(inherited)",
					"@executable_path/Frameworks",
				);
				PRODUCT_BUNDLE_IDENTIFIER = me.gustavozapata.HealthMe;
				PRODUCT_NAME = "$(TARGET_NAME)";
				SWIFT_VERSION = 5.0;
				TARGETED_DEVICE_FAMILY = "1,2";
			};
			name = Debug;
		};
		4C217DD924B7DE7E00F5C551 /* Release */ = {
			isa = XCBuildConfiguration;
			buildSettings = {
				ASSETCATALOG_COMPILER_APPICON_NAME = AppIcon;
				CODE_SIGN_STYLE = Automatic;
				DEVELOPMENT_ASSET_PATHS = "\"HealthMe/Preview Content\"";
				DEVELOPMENT_TEAM = LFFP3H92BH;
				ENABLE_PREVIEWS = YES;
				INFOPLIST_FILE = HealthMe/Info.plist;
				LD_RUNPATH_SEARCH_PATHS = (
					"$(inherited)",
					"@executable_path/Frameworks",
				);
				PRODUCT_BUNDLE_IDENTIFIER = me.gustavozapata.HealthMe;
				PRODUCT_NAME = "$(TARGET_NAME)";
				SWIFT_VERSION = 5.0;
				TARGETED_DEVICE_FAMILY = "1,2";
			};
			name = Release;
		};
/* End XCBuildConfiguration section */

/* Begin XCConfigurationList section */
		4C217DBE24B7DE7A00F5C551 /* Build configuration list for PBXProject "HealthMe" */ = {
			isa = XCConfigurationList;
			buildConfigurations = (
				4C217DD524B7DE7E00F5C551 /* Debug */,
				4C217DD624B7DE7E00F5C551 /* Release */,
			);
			defaultConfigurationIsVisible = 0;
			defaultConfigurationName = Release;
		};
		4C217DD724B7DE7E00F5C551 /* Build configuration list for PBXNativeTarget "HealthMe" */ = {
			isa = XCConfigurationList;
			buildConfigurations = (
				4C217DD824B7DE7E00F5C551 /* Debug */,
				4C217DD924B7DE7E00F5C551 /* Release */,
			);
			defaultConfigurationIsVisible = 0;
			defaultConfigurationName = Release;
		};
/* End XCConfigurationList section */
	};
	rootObject = 4C217DBB24B7DE7A00F5C551 /* Project object */;
}
